
Microsoft Visual Studio Solution File, Format Version 12.00
# Visual Studio Version 17
VisualStudioVersion = 17.14.36310.24
MinimumVisualStudioVersion = 10.0.40219.1
Project("{FAE04EC0-301F-11D3-BF4B-00C04F79EFBC}") = "WS_MS1_GENERACION_DOCUMENTOS", "WS_MS1_GENERACION_DOCUMENTOS\WS_MS1_GENERACION_DOCUMENTOS.csproj", "{F2F744E6-977F-4F7A-AD65-6AEC33674A88}"
EndProject
Project("{2150E333-8FDC-42A3-9474-1A3956D46DE8}") = "1-Layers", "1-Layers", "{02EA681E-C7D8-13C7-8484-4AC65E1B71E8}"
EndProject
Project("{2150E333-8FDC-42A3-9474-1A3956D46DE8}") = "1.0-ModelAndDesign", "1.0-ModelAndDesign", "{4B20B78B-8466-4398-9756-FBBBEEE53A3D}"
EndProject
Project("{2150E333-8FDC-42A3-9474-1A3956D46DE8}") = "1.1-Presentation", "1.1-Presentation", "{BCAC83F9-8F28-4F67-AF23-3239DC91FF8C}"
EndProject
Project("{2150E333-8FDC-42A3-9474-1A3956D46DE8}") = "1.2-Application", "1.2-Application", "{6E0B641B-BF81-4805-A544-9B3A96102A5E}"
EndProject
Project("{2150E333-8FDC-42A3-9474-1A3956D46DE8}") = "1.3-DistributedServices", "1.3-DistributedServices", "{05547C54-7B1F-464F-8247-64A100EDFBCF}"
EndProject
Project("{2150E333-8FDC-42A3-9474-1A3956D46DE8}") = "1.4-Domain", "1.4-Domain", "{A2DEB1AC-1A6F-4550-BAD5-15B036223371}"
EndProject
Project("{2150E333-8FDC-42A3-9474-1A3956D46DE8}") = "1.5-Infraestructure", "1.5-Infraestructure", "{3D2E75A6-0C55-47D0-B823-DC297CCB549D}"
EndProject
Project("{2150E333-8FDC-42A3-9474-1A3956D46DE8}") = "2-UnitTest", "2-UnitTest", "{BBD72024-7F66-440A-86A5-2DC859781DF9}"
EndProject
Project("{FAE04EC0-301F-11D3-BF4B-00C04F79EFBC}") = "Application", "Application\Application.csproj", "{75CB8FB2-7D7D-49A9-A4A0-C7BBFA241B7D}"
EndProject
Project("{FAE04EC0-301F-11D3-BF4B-00C04F79EFBC}") = "DistributedService", "DistributedService\DistributedService.csproj", "{2BC9F77F-70BE-45CE-B105-5D54F4989516}"
EndProject
Project("{FAE04EC0-301F-11D3-BF4B-00C04F79EFBC}") = "Domain", "Domain\Domain.csproj", "{A84AED50-3B1F-4537-9851-40FA7132B50B}"
EndProject
Project("{FAE04EC0-301F-11D3-BF4B-00C04F79EFBC}") = "Infraestructure", "Infraestructure\Infraestructure.csproj", "{D75B3F86-79DE-4E04-852D-0BD0188B4AEE}"
EndProject
Project("{FAE04EC0-301F-11D3-BF4B-00C04F79EFBC}") = "UnitTest", "UnitTest\UnitTest.csproj", "{2895F349-C8BF-49F0-98AA-3C59E61003E8}"
EndProject
Global
	GlobalSection(SolutionConfigurationPlatforms) = preSolution
		Debug|Any CPU = Debug|Any CPU
		Release|Any CPU = Release|Any CPU
	EndGlobalSection
	GlobalSection(ProjectConfigurationPlatforms) = postSolution
		{F2F744E6-977F-4F7A-AD65-6AEC33674A88}.Debug|Any CPU.ActiveCfg = Debug|Any CPU
		{F2F744E6-977F-4F7A-AD65-6AEC33674A88}.Debug|Any CPU.Build.0 = Debug|Any CPU
		{F2F744E6-977F-4F7A-AD65-6AEC33674A88}.Release|Any CPU.ActiveCfg = Release|Any CPU
		{F2F744E6-977F-4F7A-AD65-6AEC33674A88}.Release|Any CPU.Build.0 = Release|Any CPU
		{75CB8FB2-7D7D-49A9-A4A0-C7BBFA241B7D}.Debug|Any CPU.ActiveCfg = Debug|Any CPU
		{75CB8FB2-7D7D-49A9-A4A0-C7BBFA241B7D}.Debug|Any CPU.Build.0 = Debug|Any CPU
		{75CB8FB2-7D7D-49A9-A4A0-C7BBFA241B7D}.Release|Any CPU.ActiveCfg = Release|Any CPU
		{75CB8FB2-7D7D-49A9-A4A0-C7BBFA241B7D}.Release|Any CPU.Build.0 = Release|Any CPU
		{2BC9F77F-70BE-45CE-B105-5D54F4989516}.Debug|Any CPU.ActiveCfg = Debug|Any CPU
		{2BC9F77F-70BE-45CE-B105-5D54F4989516}.Debug|Any CPU.Build.0 = Debug|Any CPU
		{2BC9F77F-70BE-45CE-B105-5D54F4989516}.Release|Any CPU.ActiveCfg = Release|Any CPU
		{2BC9F77F-70BE-45CE-B105-5D54F4989516}.Release|Any CPU.Build.0 = Release|Any CPU
		{A84AED50-3B1F-4537-9851-40FA7132B50B}.Debug|Any CPU.ActiveCfg = Debug|Any CPU
		{A84AED50-3B1F-4537-9851-40FA7132B50B}.Debug|Any CPU.Build.0 = Debug|Any CPU
		{A84AED50-3B1F-4537-9851-40FA7132B50B}.Release|Any CPU.ActiveCfg = Release|Any CPU
		{A84AED50-3B1F-4537-9851-40FA7132B50B}.Release|Any CPU.Build.0 = Release|Any CPU
		{D75B3F86-79DE-4E04-852D-0BD0188B4AEE}.Debug|Any CPU.ActiveCfg = Debug|Any CPU
		{D75B3F86-79DE-4E04-852D-0BD0188B4AEE}.Debug|Any CPU.Build.0 = Debug|Any CPU
		{D75B3F86-79DE-4E04-852D-0BD0188B4AEE}.Release|Any CPU.ActiveCfg = Release|Any CPU
		{D75B3F86-79DE-4E04-852D-0BD0188B4AEE}.Release|Any CPU.Build.0 = Release|Any CPU
		{2895F349-C8BF-49F0-98AA-3C59E61003E8}.Debug|Any CPU.ActiveCfg = Debug|Any CPU
		{2895F349-C8BF-49F0-98AA-3C59E61003E8}.Debug|Any CPU.Build.0 = Debug|Any CPU
		{2895F349-C8BF-49F0-98AA-3C59E61003E8}.Release|Any CPU.ActiveCfg = Release|Any CPU
		{2895F349-C8BF-49F0-98AA-3C59E61003E8}.Release|Any CPU.Build.0 = Release|Any CPU
	EndGlobalSection
	GlobalSection(SolutionProperties) = preSolution
		HideSolutionNode = FALSE
	EndGlobalSection
	GlobalSection(NestedProjects) = preSolution
		{F2F744E6-977F-4F7A-AD65-6AEC33674A88} = {BCAC83F9-8F28-4F67-AF23-3239DC91FF8C}
		{4B20B78B-8466-4398-9756-FBBBEEE53A3D} = {02EA681E-C7D8-13C7-8484-4AC65E1B71E8}
		{BCAC83F9-8F28-4F67-AF23-3239DC91FF8C} = {02EA681E-C7D8-13C7-8484-4AC65E1B71E8}
		{6E0B641B-BF81-4805-A544-9B3A96102A5E} = {02EA681E-C7D8-13C7-8484-4AC65E1B71E8}
		{05547C54-7B1F-464F-8247-64A100EDFBCF} = {02EA681E-C7D8-13C7-8484-4AC65E1B71E8}
		{A2DEB1AC-1A6F-4550-BAD5-15B036223371} = {02EA681E-C7D8-13C7-8484-4AC65E1B71E8}
		{3D2E75A6-0C55-47D0-B823-DC297CCB549D} = {02EA681E-C7D8-13C7-8484-4AC65E1B71E8}
		{75CB8FB2-7D7D-49A9-A4A0-C7BBFA241B7D} = {6E0B641B-BF81-4805-A544-9B3A96102A5E}
		{2BC9F77F-70BE-45CE-B105-5D54F4989516} = {05547C54-7B1F-464F-8247-64A100EDFBCF}
		{A84AED50-3B1F-4537-9851-40FA7132B50B} = {A2DEB1AC-1A6F-4550-BAD5-15B036223371}
		{D75B3F86-79DE-4E04-852D-0BD0188B4AEE} = {3D2E75A6-0C55-47D0-B823-DC297CCB549D}
		{2895F349-C8BF-49F0-98AA-3C59E61003E8} = {BBD72024-7F66-440A-86A5-2DC859781DF9}
	EndGlobalSection
	GlobalSection(ExtensibilityGlobals) = postSolution
		SolutionGuid = {81090604-BED8-4B2A-AA65-D4C2F5CE57FD}
	EndGlobalSection
EndGlobal
